
Microsoft Visual Studio Solution File, Format Version 12.00
# Visual Studio Version 16
VisualStudioVersion = 16.0.29326.143
MinimumVisualStudioVersion = 10.0.40219.1
Project("{9A19103F-16F7-4668-BE54-9A1E7A4F7556}") = "AspNetCoreSimpleUiCrudAndFrontEnd", "AspNetCoreSimpleUiCrudAndFrontEnd\AspNetCoreSimpleUiCrudAndFrontEnd.csproj", "{FFF812A1-35F0-4DD8-82DE-4B06A060AB36}"
EndProject
Project("{2150E333-8FDC-42A3-9474-1A3956D46DE8}") = "Presentation", "Presentation", "{D6DAF9BE-D019-4FB9-89AC-C9F5CBCF2426}"
EndProject
Project("{2150E333-8FDC-42A3-9474-1A3956D46DE8}") = "Domain", "Domain", "{3468D75F-65EC-46B1-B80F-FBCD16D28B2A}"
EndProject
Project("{2150E333-8FDC-42A3-9474-1A3956D46DE8}") = "Test", "Test", "{8662FFE9-4640-4EA9-A5FD-05C88540DB13}"
EndProject
Project("{2150E333-8FDC-42A3-9474-1A3956D46DE8}") = "Docs", "Docs", "{629A7DA3-538A-4FDD-950B-19594880BB92}"
EndProject
Project("{9A19103F-16F7-4668-BE54-9A1E7A4F7556}") = "Models", "Models\Models.csproj", "{2617AAF6-3996-4C2F-AFE4-2E9EB0535184}"
EndProject
Project("{2150E333-8FDC-42A3-9474-1A3956D46DE8}") = "Databases", "Databases", "{D2A79060-1E5D-427C-AAC2-181558B12CAC}"
EndProject
Project("{9A19103F-16F7-4668-BE54-9A1E7A4F7556}") = "SQLite", "SQLite\SQLite.csproj", "{DCC13A3E-340F-4408-A6AE-902FCE1B3203}"
EndProject
Project("{FAE04EC0-301F-11D3-BF4B-00C04F79EFBC}") = "SQLServer", "SQLServer\SQLServer.csproj", "{DF4F788F-1592-460A-919F-0A2C2380F7AA}"
EndProject
Global
	GlobalSection(SolutionConfigurationPlatforms) = preSolution
		Debug|Any CPU = Debug|Any CPU
		Release|Any CPU = Release|Any CPU
	EndGlobalSection
	GlobalSection(ProjectConfigurationPlatforms) = postSolution
		{FFF812A1-35F0-4DD8-82DE-4B06A060AB36}.Debug|Any CPU.ActiveCfg = Debug|Any CPU
		{FFF812A1-35F0-4DD8-82DE-4B06A060AB36}.Debug|Any CPU.Build.0 = Debug|Any CPU
		{FFF812A1-35F0-4DD8-82DE-4B06A060AB36}.Release|Any CPU.ActiveCfg = Release|Any CPU
		{FFF812A1-35F0-4DD8-82DE-4B06A060AB36}.Release|Any CPU.Build.0 = Release|Any CPU
		{2617AAF6-3996-4C2F-AFE4-2E9EB0535184}.Debug|Any CPU.ActiveCfg = Debug|Any CPU
		{2617AAF6-3996-4C2F-AFE4-2E9EB0535184}.Debug|Any CPU.Build.0 = Debug|Any CPU
		{2617AAF6-3996-4C2F-AFE4-2E9EB0535184}.Release|Any CPU.ActiveCfg = Release|Any CPU
		{2617AAF6-3996-4C2F-AFE4-2E9EB0535184}.Release|Any CPU.Build.0 = Release|Any CPU
		{DCC13A3E-340F-4408-A6AE-902FCE1B3203}.Debug|Any CPU.ActiveCfg = Debug|Any CPU
		{DCC13A3E-340F-4408-A6AE-902FCE1B3203}.Debug|Any CPU.Build.0 = Debug|Any CPU
		{DCC13A3E-340F-4408-A6AE-902FCE1B3203}.Release|Any CPU.ActiveCfg = Release|Any CPU
		{DCC13A3E-340F-4408-A6AE-902FCE1B3203}.Release|Any CPU.Build.0 = Release|Any CPU
		{DF4F788F-1592-460A-919F-0A2C2380F7AA}.Debug|Any CPU.ActiveCfg = Debug|Any CPU
		{DF4F788F-1592-460A-919F-0A2C2380F7AA}.Debug|Any CPU.Build.0 = Debug|Any CPU
		{DF4F788F-1592-460A-919F-0A2C2380F7AA}.Release|Any CPU.ActiveCfg = Release|Any CPU
		{DF4F788F-1592-460A-919F-0A2C2380F7AA}.Release|Any CPU.Build.0 = Release|Any CPU
	EndGlobalSection
	GlobalSection(SolutionProperties) = preSolution
		HideSolutionNode = FALSE
	EndGlobalSection
	GlobalSection(NestedProjects) = preSolution
		{FFF812A1-35F0-4DD8-82DE-4B06A060AB36} = {D6DAF9BE-D019-4FB9-89AC-C9F5CBCF2426}
		{2617AAF6-3996-4C2F-AFE4-2E9EB0535184} = {3468D75F-65EC-46B1-B80F-FBCD16D28B2A}
		{DCC13A3E-340F-4408-A6AE-902FCE1B3203} = {D2A79060-1E5D-427C-AAC2-181558B12CAC}
		{DF4F788F-1592-460A-919F-0A2C2380F7AA} = {D2A79060-1E5D-427C-AAC2-181558B12CAC}
	EndGlobalSection
	GlobalSection(ExtensibilityGlobals) = postSolution
		SolutionGuid = {B0D2B5CB-0E04-4255-9DBE-10B37E47C923}
	EndGlobalSection
EndGlobal
